
Microsoft Visual Studio Solution File, Format Version 12.00
# Visual Studio Version 16
VisualStudioVersion = 25.0.1704.0
MinimumVisualStudioVersion = 10.0.40219.1
Project("{FAE04EC0-301F-11D3-BF4B-00C04F79EFBC}") = "WordFilter", "WordFilter\WordFilter.csproj", "{4EDE54DB-7B67-48E9-8212-CC1309412652}"
EndProject
Global
	GlobalSection(SolutionConfigurationPlatforms) = preSolution
		Debug|Any CPU = Debug|Any CPU
		Release|Any CPU = Release|Any CPU
	EndGlobalSection
	GlobalSection(ProjectConfigurationPlatforms) = postSolution
		{4EDE54DB-7B67-48E9-8212-CC1309412652}.Debug|Any CPU.ActiveCfg = Debug|Any CPU
		{4EDE54DB-7B67-48E9-8212-CC1309412652}.Debug|Any CPU.Build.0 = Debug|Any CPU
		{4EDE54DB-7B67-48E9-8212-CC1309412652}.Release|Any CPU.ActiveCfg = Release|Any CPU
		{4EDE54DB-7B67-48E9-8212-CC1309412652}.Release|Any CPU.Build.0 = Release|Any CPU
	EndGlobalSection
	GlobalSection(SolutionProperties) = preSolution
		HideSolutionNode = FALSE
	EndGlobalSection
	GlobalSection(ExtensibilityGlobals) = postSolution
		SolutionGuid = {ECC970A7-5A30-4653-A6D4-B4907AA827E1}
	EndGlobalSection
EndGlobal
