
Microsoft Visual Studio Solution File, Format Version 12.00
# Visual Studio Version 16
VisualStudioVersion = 25.0.1704.0
MinimumVisualStudioVersion = 10.0.40219.1
Project("{FAE04EC0-301F-11D3-BF4B-00C04F79EFBC}") = "OddOccurrences", "OddOccurrences\OddOccurrences.csproj", "{7CC3E91A-99F4-40D8-9F3F-59D16B2FA5CB}"
EndProject
Global
	GlobalSection(SolutionConfigurationPlatforms) = preSolution
		Debug|Any CPU = Debug|Any CPU
		Release|Any CPU = Release|Any CPU
	EndGlobalSection
	GlobalSection(ProjectConfigurationPlatforms) = postSolution
		{7CC3E91A-99F4-40D8-9F3F-59D16B2FA5CB}.Debug|Any CPU.ActiveCfg = Debug|Any CPU
		{7CC3E91A-99F4-40D8-9F3F-59D16B2FA5CB}.Debug|Any CPU.Build.0 = Debug|Any CPU
		{7CC3E91A-99F4-40D8-9F3F-59D16B2FA5CB}.Release|Any CPU.ActiveCfg = Release|Any CPU
		{7CC3E91A-99F4-40D8-9F3F-59D16B2FA5CB}.Release|Any CPU.Build.0 = Release|Any CPU
	EndGlobalSection
	GlobalSection(SolutionProperties) = preSolution
		HideSolutionNode = FALSE
	EndGlobalSection
	GlobalSection(ExtensibilityGlobals) = postSolution
		SolutionGuid = {0A347A34-933D-4C4E-B868-23A7539239D6}
	EndGlobalSection
EndGlobal
